
Microsoft Visual Studio Solution File, Format Version 12.00
# Visual Studio Version 16
VisualStudioVersion = 16.0.28803.352
MinimumVisualStudioVersion = 10.0.40219.1
Project("{FAE04EC0-301F-11D3-BF4B-00C04F79EFBC}") = "BearingsHelper", "BearingsHelper\BearingsHelper.csproj", "{10295248-BD95-4637-9E46-77140650296A}"
EndProject
Global
	GlobalSection(SolutionConfigurationPlatforms) = preSolution
		Debug|Any CPU = Debug|Any CPU
		Release|Any CPU = Release|Any CPU
	EndGlobalSection
	GlobalSection(ProjectConfigurationPlatforms) = postSolution
		{10295248-BD95-4637-9E46-77140650296A}.Debug|Any CPU.ActiveCfg = Debug|Any CPU
		{10295248-BD95-4637-9E46-77140650296A}.Debug|Any CPU.Build.0 = Debug|Any CPU
		{10295248-BD95-4637-9E46-77140650296A}.Release|Any CPU.ActiveCfg = Release|Any CPU
		{10295248-BD95-4637-9E46-77140650296A}.Release|Any CPU.Build.0 = Release|Any CPU
	EndGlobalSection
	GlobalSection(SolutionProperties) = preSolution
		HideSolutionNode = FALSE
	EndGlobalSection
	GlobalSection(ExtensibilityGlobals) = postSolution
		SolutionGuid = {51370D2F-DF94-40C8-B6A6-96234D3FED68}
	EndGlobalSection
EndGlobal
